
Microsoft Visual Studio Solution File, Format Version 12.00
# Visual Studio Version 16
VisualStudioVersion = 16.0.28803.202
MinimumVisualStudioVersion = 10.0.40219.1
Project("{FAE04EC0-301F-11D3-BF4B-00C04F79EFBC}") = "csharp_sfml_game_framework", "csharp_sfml_game_framework\csharp_sfml_game_framework.csproj", "{CE84E9F0-955B-4636-BD99-BEF44FAF905E}"
EndProject
Project("{FAE04EC0-301F-11D3-BF4B-00C04F79EFBC}") = "SpaceInvaders", "SpaceInvaders\SpaceInvaders.csproj", "{B3FAC042-0A52-482B-902D-11C3665DB29F}"
EndProject
Project("{FAE04EC0-301F-11D3-BF4B-00C04F79EFBC}") = "Outrun", "Outrun\Outrun.csproj", "{D1E0B175-3662-4579-81AE-BF9905CFF811}"
EndProject
Project("{FAE04EC0-301F-11D3-BF4B-00C04F79EFBC}") = "Tetris", "Tetris\Tetris.csproj", "{62BF8682-8B78-45FD-92C3-9216E13235F7}"
EndProject
Project("{FAE04EC0-301F-11D3-BF4B-00C04F79EFBC}") = "FlappyFish", "FlappyFish\FlappyFish.csproj", "{AEC17141-CA34-4918-85C9-EEFBC713E36F}"
EndProject
Project("{FAE04EC0-301F-11D3-BF4B-00C04F79EFBC}") = "jRPG", "jRPG\jRPG.csproj", "{252B6E38-F2EB-4A29-8BBB-BB71E9E689C0}"
EndProject
Project("{FAE04EC0-301F-11D3-BF4B-00C04F79EFBC}") = "Asteroid", "Asteroid\Asteroid.csproj", "{3CFA738C-59A1-43CD-97AD-DB2CF398EE39}"
EndProject
Project("{FAE04EC0-301F-11D3-BF4B-00C04F79EFBC}") = "MyFirstGame", "MyFirstGame\MyFirstGame.csproj", "{BB7FA163-8CCF-47F5-A736-721F1B67584A}"
EndProject
Project("{FAE04EC0-301F-11D3-BF4B-00C04F79EFBC}") = "RealContra", "RealContra\RealContra.csproj", "{59399A28-44AF-4468-BF04-8352CBC34B36}"
EndProject
Global
	GlobalSection(SolutionConfigurationPlatforms) = preSolution
		Debug|Any CPU = Debug|Any CPU
		Debug|x64 = Debug|x64
		Debug|x86 = Debug|x86
		Release|Any CPU = Release|Any CPU
		Release|x64 = Release|x64
		Release|x86 = Release|x86
	EndGlobalSection
	GlobalSection(ProjectConfigurationPlatforms) = postSolution
		{CE84E9F0-955B-4636-BD99-BEF44FAF905E}.Debug|Any CPU.ActiveCfg = Debug|Any CPU
		{CE84E9F0-955B-4636-BD99-BEF44FAF905E}.Debug|Any CPU.Build.0 = Debug|Any CPU
		{CE84E9F0-955B-4636-BD99-BEF44FAF905E}.Debug|x64.ActiveCfg = Debug|Any CPU
		{CE84E9F0-955B-4636-BD99-BEF44FAF905E}.Debug|x64.Build.0 = Debug|Any CPU
		{CE84E9F0-955B-4636-BD99-BEF44FAF905E}.Debug|x86.ActiveCfg = Debug|Any CPU
		{CE84E9F0-955B-4636-BD99-BEF44FAF905E}.Debug|x86.Build.0 = Debug|Any CPU
		{CE84E9F0-955B-4636-BD99-BEF44FAF905E}.Release|Any CPU.ActiveCfg = Release|Any CPU
		{CE84E9F0-955B-4636-BD99-BEF44FAF905E}.Release|Any CPU.Build.0 = Release|Any CPU
		{CE84E9F0-955B-4636-BD99-BEF44FAF905E}.Release|x64.ActiveCfg = Release|Any CPU
		{CE84E9F0-955B-4636-BD99-BEF44FAF905E}.Release|x64.Build.0 = Release|Any CPU
		{CE84E9F0-955B-4636-BD99-BEF44FAF905E}.Release|x86.ActiveCfg = Release|Any CPU
		{CE84E9F0-955B-4636-BD99-BEF44FAF905E}.Release|x86.Build.0 = Release|Any CPU
		{B3FAC042-0A52-482B-902D-11C3665DB29F}.Debug|Any CPU.ActiveCfg = Debug|Any CPU
		{B3FAC042-0A52-482B-902D-11C3665DB29F}.Debug|Any CPU.Build.0 = Debug|Any CPU
		{B3FAC042-0A52-482B-902D-11C3665DB29F}.Debug|x64.ActiveCfg = Debug|Any CPU
		{B3FAC042-0A52-482B-902D-11C3665DB29F}.Debug|x64.Build.0 = Debug|Any CPU
		{B3FAC042-0A52-482B-902D-11C3665DB29F}.Debug|x86.ActiveCfg = Debug|Any CPU
		{B3FAC042-0A52-482B-902D-11C3665DB29F}.Debug|x86.Build.0 = Debug|Any CPU
		{B3FAC042-0A52-482B-902D-11C3665DB29F}.Release|Any CPU.ActiveCfg = Release|Any CPU
		{B3FAC042-0A52-482B-902D-11C3665DB29F}.Release|Any CPU.Build.0 = Release|Any CPU
		{B3FAC042-0A52-482B-902D-11C3665DB29F}.Release|x64.ActiveCfg = Release|Any CPU
		{B3FAC042-0A52-482B-902D-11C3665DB29F}.Release|x64.Build.0 = Release|Any CPU
		{B3FAC042-0A52-482B-902D-11C3665DB29F}.Release|x86.ActiveCfg = Release|Any CPU
		{B3FAC042-0A52-482B-902D-11C3665DB29F}.Release|x86.Build.0 = Release|Any CPU
		{D1E0B175-3662-4579-81AE-BF9905CFF811}.Debug|Any CPU.ActiveCfg = Debug|Any CPU
		{D1E0B175-3662-4579-81AE-BF9905CFF811}.Debug|Any CPU.Build.0 = Debug|Any CPU
		{D1E0B175-3662-4579-81AE-BF9905CFF811}.Debug|x64.ActiveCfg = Debug|Any CPU
		{D1E0B175-3662-4579-81AE-BF9905CFF811}.Debug|x64.Build.0 = Debug|Any CPU
		{D1E0B175-3662-4579-81AE-BF9905CFF811}.Debug|x86.ActiveCfg = Debug|Any CPU
		{D1E0B175-3662-4579-81AE-BF9905CFF811}.Debug|x86.Build.0 = Debug|Any CPU
		{D1E0B175-3662-4579-81AE-BF9905CFF811}.Release|Any CPU.ActiveCfg = Release|Any CPU
		{D1E0B175-3662-4579-81AE-BF9905CFF811}.Release|Any CPU.Build.0 = Release|Any CPU
		{D1E0B175-3662-4579-81AE-BF9905CFF811}.Release|x64.ActiveCfg = Release|Any CPU
		{D1E0B175-3662-4579-81AE-BF9905CFF811}.Release|x64.Build.0 = Release|Any CPU
		{D1E0B175-3662-4579-81AE-BF9905CFF811}.Release|x86.ActiveCfg = Release|Any CPU
		{D1E0B175-3662-4579-81AE-BF9905CFF811}.Release|x86.Build.0 = Release|Any CPU
		{62BF8682-8B78-45FD-92C3-9216E13235F7}.Debug|Any CPU.ActiveCfg = Debug|Any CPU
		{62BF8682-8B78-45FD-92C3-9216E13235F7}.Debug|Any CPU.Build.0 = Debug|Any CPU
		{62BF8682-8B78-45FD-92C3-9216E13235F7}.Debug|x64.ActiveCfg = Debug|Any CPU
		{62BF8682-8B78-45FD-92C3-9216E13235F7}.Debug|x64.Build.0 = Debug|Any CPU
		{62BF8682-8B78-45FD-92C3-9216E13235F7}.Debug|x86.ActiveCfg = Debug|Any CPU
		{62BF8682-8B78-45FD-92C3-9216E13235F7}.Debug|x86.Build.0 = Debug|Any CPU
		{62BF8682-8B78-45FD-92C3-9216E13235F7}.Release|Any CPU.ActiveCfg = Release|Any CPU
		{62BF8682-8B78-45FD-92C3-9216E13235F7}.Release|Any CPU.Build.0 = Release|Any CPU
		{62BF8682-8B78-45FD-92C3-9216E13235F7}.Release|x64.ActiveCfg = Release|Any CPU
		{62BF8682-8B78-45FD-92C3-9216E13235F7}.Release|x64.Build.0 = Release|Any CPU
		{62BF8682-8B78-45FD-92C3-9216E13235F7}.Release|x86.ActiveCfg = Release|Any CPU
		{62BF8682-8B78-45FD-92C3-9216E13235F7}.Release|x86.Build.0 = Release|Any CPU
		{AEC17141-CA34-4918-85C9-EEFBC713E36F}.Debug|Any CPU.ActiveCfg = Debug|Any CPU
		{AEC17141-CA34-4918-85C9-EEFBC713E36F}.Debug|Any CPU.Build.0 = Debug|Any CPU
		{AEC17141-CA34-4918-85C9-EEFBC713E36F}.Debug|x64.ActiveCfg = Debug|Any CPU
		{AEC17141-CA34-4918-85C9-EEFBC713E36F}.Debug|x64.Build.0 = Debug|Any CPU
		{AEC17141-CA34-4918-85C9-EEFBC713E36F}.Debug|x86.ActiveCfg = Debug|Any CPU
		{AEC17141-CA34-4918-85C9-EEFBC713E36F}.Debug|x86.Build.0 = Debug|Any CPU
		{AEC17141-CA34-4918-85C9-EEFBC713E36F}.Release|Any CPU.ActiveCfg = Release|Any CPU
		{AEC17141-CA34-4918-85C9-EEFBC713E36F}.Release|Any CPU.Build.0 = Release|Any CPU
		{AEC17141-CA34-4918-85C9-EEFBC713E36F}.Release|x64.ActiveCfg = Release|Any CPU
		{AEC17141-CA34-4918-85C9-EEFBC713E36F}.Release|x64.Build.0 = Release|Any CPU
		{AEC17141-CA34-4918-85C9-EEFBC713E36F}.Release|x86.ActiveCfg = Release|Any CPU
		{AEC17141-CA34-4918-85C9-EEFBC713E36F}.Release|x86.Build.0 = Release|Any CPU
		{252B6E38-F2EB-4A29-8BBB-BB71E9E689C0}.Debug|Any CPU.ActiveCfg = Debug|Any CPU
		{252B6E38-F2EB-4A29-8BBB-BB71E9E689C0}.Debug|Any CPU.Build.0 = Debug|Any CPU
		{252B6E38-F2EB-4A29-8BBB-BB71E9E689C0}.Debug|x64.ActiveCfg = Debug|Any CPU
		{252B6E38-F2EB-4A29-8BBB-BB71E9E689C0}.Debug|x64.Build.0 = Debug|Any CPU
		{252B6E38-F2EB-4A29-8BBB-BB71E9E689C0}.Debug|x86.ActiveCfg = Debug|Any CPU
		{252B6E38-F2EB-4A29-8BBB-BB71E9E689C0}.Debug|x86.Build.0 = Debug|Any CPU
		{252B6E38-F2EB-4A29-8BBB-BB71E9E689C0}.Release|Any CPU.ActiveCfg = Release|Any CPU
		{252B6E38-F2EB-4A29-8BBB-BB71E9E689C0}.Release|Any CPU.Build.0 = Release|Any CPU
		{252B6E38-F2EB-4A29-8BBB-BB71E9E689C0}.Release|x64.ActiveCfg = Release|Any CPU
		{252B6E38-F2EB-4A29-8BBB-BB71E9E689C0}.Release|x64.Build.0 = Release|Any CPU
		{252B6E38-F2EB-4A29-8BBB-BB71E9E689C0}.Release|x86.ActiveCfg = Release|Any CPU
		{252B6E38-F2EB-4A29-8BBB-BB71E9E689C0}.Release|x86.Build.0 = Release|Any CPU
		{3CFA738C-59A1-43CD-97AD-DB2CF398EE39}.Debug|Any CPU.ActiveCfg = Debug|Any CPU
		{3CFA738C-59A1-43CD-97AD-DB2CF398EE39}.Debug|Any CPU.Build.0 = Debug|Any CPU
		{3CFA738C-59A1-43CD-97AD-DB2CF398EE39}.Debug|x64.ActiveCfg = Debug|Any CPU
		{3CFA738C-59A1-43CD-97AD-DB2CF398EE39}.Debug|x64.Build.0 = Debug|Any CPU
		{3CFA738C-59A1-43CD-97AD-DB2CF398EE39}.Debug|x86.ActiveCfg = Debug|Any CPU
		{3CFA738C-59A1-43CD-97AD-DB2CF398EE39}.Debug|x86.Build.0 = Debug|Any CPU
		{3CFA738C-59A1-43CD-97AD-DB2CF398EE39}.Release|Any CPU.ActiveCfg = Release|Any CPU
		{3CFA738C-59A1-43CD-97AD-DB2CF398EE39}.Release|Any CPU.Build.0 = Release|Any CPU
		{3CFA738C-59A1-43CD-97AD-DB2CF398EE39}.Release|x64.ActiveCfg = Release|Any CPU
		{3CFA738C-59A1-43CD-97AD-DB2CF398EE39}.Release|x64.Build.0 = Release|Any CPU
		{3CFA738C-59A1-43CD-97AD-DB2CF398EE39}.Release|x86.ActiveCfg = Release|Any CPU
		{3CFA738C-59A1-43CD-97AD-DB2CF398EE39}.Release|x86.Build.0 = Release|Any CPU
		{BB7FA163-8CCF-47F5-A736-721F1B67584A}.Debug|Any CPU.ActiveCfg = Debug|Any CPU
		{BB7FA163-8CCF-47F5-A736-721F1B67584A}.Debug|Any CPU.Build.0 = Debug|Any CPU
		{BB7FA163-8CCF-47F5-A736-721F1B67584A}.Debug|x64.ActiveCfg = Debug|Any CPU
		{BB7FA163-8CCF-47F5-A736-721F1B67584A}.Debug|x64.Build.0 = Debug|Any CPU
		{BB7FA163-8CCF-47F5-A736-721F1B67584A}.Debug|x86.ActiveCfg = Debug|Any CPU
		{BB7FA163-8CCF-47F5-A736-721F1B67584A}.Debug|x86.Build.0 = Debug|Any CPU
		{BB7FA163-8CCF-47F5-A736-721F1B67584A}.Release|Any CPU.ActiveCfg = Release|Any CPU
		{BB7FA163-8CCF-47F5-A736-721F1B67584A}.Release|Any CPU.Build.0 = Release|Any CPU
		{BB7FA163-8CCF-47F5-A736-721F1B67584A}.Release|x64.ActiveCfg = Release|Any CPU
		{BB7FA163-8CCF-47F5-A736-721F1B67584A}.Release|x64.Build.0 = Release|Any CPU
		{BB7FA163-8CCF-47F5-A736-721F1B67584A}.Release|x86.ActiveCfg = Release|Any CPU
		{BB7FA163-8CCF-47F5-A736-721F1B67584A}.Release|x86.Build.0 = Release|Any CPU
		{59399A28-44AF-4468-BF04-8352CBC34B36}.Debug|Any CPU.ActiveCfg = Debug|Any CPU
		{59399A28-44AF-4468-BF04-8352CBC34B36}.Debug|Any CPU.Build.0 = Debug|Any CPU
		{59399A28-44AF-4468-BF04-8352CBC34B36}.Debug|x64.ActiveCfg = Debug|Any CPU
		{59399A28-44AF-4468-BF04-8352CBC34B36}.Debug|x64.Build.0 = Debug|Any CPU
		{59399A28-44AF-4468-BF04-8352CBC34B36}.Debug|x86.ActiveCfg = Debug|Any CPU
		{59399A28-44AF-4468-BF04-8352CBC34B36}.Debug|x86.Build.0 = Debug|Any CPU
		{59399A28-44AF-4468-BF04-8352CBC34B36}.Release|Any CPU.ActiveCfg = Release|Any CPU
		{59399A28-44AF-4468-BF04-8352CBC34B36}.Release|Any CPU.Build.0 = Release|Any CPU
		{59399A28-44AF-4468-BF04-8352CBC34B36}.Release|x64.ActiveCfg = Release|Any CPU
		{59399A28-44AF-4468-BF04-8352CBC34B36}.Release|x64.Build.0 = Release|Any CPU
		{59399A28-44AF-4468-BF04-8352CBC34B36}.Release|x86.ActiveCfg = Release|Any CPU
		{59399A28-44AF-4468-BF04-8352CBC34B36}.Release|x86.Build.0 = Release|Any CPU
	EndGlobalSection
	GlobalSection(SolutionProperties) = preSolution
		HideSolutionNode = FALSE
	EndGlobalSection
	GlobalSection(ExtensibilityGlobals) = postSolution
		SolutionGuid = {D41710B4-18CA-4944-ABFC-DAEDD40DE3AD}
	EndGlobalSection
EndGlobal
