
Microsoft Visual Studio Solution File, Format Version 12.00
# Visual Studio Version 17
VisualStudioVersion = 17.0.32002.185
MinimumVisualStudioVersion = 10.0.40219.1
Project("{9A19103F-16F7-4668-BE54-9A1E7A4F7556}") = "Nubico", "Nubico\Nubico.csproj", "{F294881C-AA54-4A6C-B855-8797A3D11824}"
EndProject
Project("{9A19103F-16F7-4668-BE54-9A1E7A4F7556}") = "ExampleGame", "ExampleGame\ExampleGame.csproj", "{FEDF9DEF-F3AE-4D6C-9729-E82682CAA52E}"
EndProject
Project("{FAE04EC0-301F-11D3-BF4B-00C04F79EFBC}") = "ExamplePhysicsGame", "ExamplePhysicsGame\ExamplePhysicsGame.csproj", "{D70FE5E2-F3C7-46FD-B66D-086493B77DBB}"
EndProject
Global
	GlobalSection(SolutionConfigurationPlatforms) = preSolution
		Debug|Any CPU = Debug|Any CPU
		Release|Any CPU = Release|Any CPU
	EndGlobalSection
	GlobalSection(ProjectConfigurationPlatforms) = postSolution
		{F294881C-AA54-4A6C-B855-8797A3D11824}.Debug|Any CPU.ActiveCfg = Debug|Any CPU
		{F294881C-AA54-4A6C-B855-8797A3D11824}.Debug|Any CPU.Build.0 = Debug|Any CPU
		{F294881C-AA54-4A6C-B855-8797A3D11824}.Release|Any CPU.ActiveCfg = Release|Any CPU
		{F294881C-AA54-4A6C-B855-8797A3D11824}.Release|Any CPU.Build.0 = Release|Any CPU
		{FEDF9DEF-F3AE-4D6C-9729-E82682CAA52E}.Debug|Any CPU.ActiveCfg = Debug|Any CPU
		{FEDF9DEF-F3AE-4D6C-9729-E82682CAA52E}.Debug|Any CPU.Build.0 = Debug|Any CPU
		{FEDF9DEF-F3AE-4D6C-9729-E82682CAA52E}.Release|Any CPU.ActiveCfg = Release|Any CPU
		{FEDF9DEF-F3AE-4D6C-9729-E82682CAA52E}.Release|Any CPU.Build.0 = Release|Any CPU
		{D70FE5E2-F3C7-46FD-B66D-086493B77DBB}.Debug|Any CPU.ActiveCfg = Debug|Any CPU
		{D70FE5E2-F3C7-46FD-B66D-086493B77DBB}.Debug|Any CPU.Build.0 = Debug|Any CPU
		{D70FE5E2-F3C7-46FD-B66D-086493B77DBB}.Release|Any CPU.ActiveCfg = Release|Any CPU
		{D70FE5E2-F3C7-46FD-B66D-086493B77DBB}.Release|Any CPU.Build.0 = Release|Any CPU
	EndGlobalSection
	GlobalSection(SolutionProperties) = preSolution
		HideSolutionNode = FALSE
	EndGlobalSection
	GlobalSection(ExtensibilityGlobals) = postSolution
		SolutionGuid = {8B70BBC0-F6F1-45A3-9BB9-F93A144C4496}
	EndGlobalSection
EndGlobal
